
Microsoft Visual Studio Solution File, Format Version 12.00
# Visual Studio Version 16
VisualStudioVersion = 16.0.30804.86
MinimumVisualStudioVersion = 10.0.40219.1
Project("{FAE04EC0-301F-11D3-BF4B-00C04F79EFBC}") = "Signature", "Signature.csproj", "{E283B9F1-EFDF-4BF3-A1AB-99FC54070071}"
EndProject
Global
	GlobalSection(SolutionConfigurationPlatforms) = preSolution
		Debug|Any CPU = Debug|Any CPU
		Release|Any CPU = Release|Any CPU
	EndGlobalSection
	GlobalSection(ProjectConfigurationPlatforms) = postSolution
		{E283B9F1-EFDF-4BF3-A1AB-99FC54070071}.Debug|Any CPU.ActiveCfg = Debug|Any CPU
		{E283B9F1-EFDF-4BF3-A1AB-99FC54070071}.Debug|Any CPU.Build.0 = Debug|Any CPU
		{E283B9F1-EFDF-4BF3-A1AB-99FC54070071}.Release|Any CPU.ActiveCfg = Release|Any CPU
		{E283B9F1-EFDF-4BF3-A1AB-99FC54070071}.Release|Any CPU.Build.0 = Release|Any CPU
	EndGlobalSection
	GlobalSection(SolutionProperties) = preSolution
		HideSolutionNode = FALSE
	EndGlobalSection
	GlobalSection(ExtensibilityGlobals) = postSolution
		SolutionGuid = {8B5ED939-EEAA-4FDF-9607-8526DB6AF91F}
	EndGlobalSection
EndGlobal
